// !$*UTF8*$!
{
	archiveVersion = 1;
	classes = {
	};
	objectVersion = 50;
	objects = {

/* Begin PBXBuildFile section */
		AF40FBAF228C0382001CAFA9 /* AppDelegate.swift in Sources */ = {isa = PBXBuildFile; fileRef = AF40FBAE228C0382001CAFA9 /* AppDelegate.swift */; };
		AF40FBB4228C0382001CAFA9 /* Main.storyboard in Resources */ = {isa = PBXBuildFile; fileRef = AF40FBB2228C0382001CAFA9 /* Main.storyboard */; };
		AF40FBB6228C0383001CAFA9 /* Assets.xcassets in Resources */ = {isa = PBXBuildFile; fileRef = AF40FBB5228C0383001CAFA9 /* Assets.xcassets */; };
		AF40FBB9228C0383001CAFA9 /* LaunchScreen.storyboard in Resources */ = {isa = PBXBuildFile; fileRef = AF40FBB7228C0383001CAFA9 /* LaunchScreen.storyboard */; };
		AF40FBC1228C0AE3001CAFA9 /* MergeSort_Controller.swift in Sources */ = {isa = PBXBuildFile; fileRef = AF40FBC0228C0AE3001CAFA9 /* MergeSort_Controller.swift */; };
/* End PBXBuildFile section */

/* Begin PBXFileReference section */
		AF40FBAB228C0382001CAFA9 /* AlgorithmNoteProject.app */ = {isa = PBXFileReference; explicitFileType = wrapper.application; includeInIndex = 0; path = AlgorithmNoteProject.app; sourceTree = BUILT_PRODUCTS_DIR; };
		AF40FBAE228C0382001CAFA9 /* AppDelegate.swift */ = {isa = PBXFileReference; lastKnownFileType = sourcecode.swift; path = AppDelegate.swift; sourceTree = "<group>"; };
		AF40FBB3228C0382001CAFA9 /* Base */ = {isa = PBXFileReference; lastKnownFileType = file.storyboard; name = Base; path = Base.lproj/Main.storyboard; sourceTree = "<group>"; };
		AF40FBB5228C0383001CAFA9 /* Assets.xcassets */ = {isa = PBXFileReference; lastKnownFileType = folder.assetcatalog; path = Assets.xcassets; sourceTree = "<group>"; };
		AF40FBB8228C0383001CAFA9 /* Base */ = {isa = PBXFileReference; lastKnownFileType = file.storyboard; name = Base; path = Base.lproj/LaunchScreen.storyboard; sourceTree = "<group>"; };
		AF40FBBA228C0383001CAFA9 /* Info.plist */ = {isa = PBXFileReference; lastKnownFileType = text.plist.xml; path = Info.plist; sourceTree = "<group>"; };
		AF40FBC0228C0AE3001CAFA9 /* MergeSort_Controller.swift */ = {isa = PBXFileReference; lastKnownFileType = sourcecode.swift; path = MergeSort_Controller.swift; sourceTree = "<group>"; };
/* End PBXFileReference section */

/* Begin PBXFrameworksBuildPhase section */
		AF40FBA8228C0382001CAFA9 /* Frameworks */ = {
			isa = PBXFrameworksBuildPhase;
			buildActionMask = 2147483647;
			files = (
			);
			runOnlyForDeploymentPostprocessing = 0;
		};
/* End PBXFrameworksBuildPhase section */

/* Begin PBXGroup section */
		AF40FBA2228C0381001CAFA9 = {
			isa = PBXGroup;
			children = (
				AF40FBAD228C0382001CAFA9 /* AlgorithmNoteProject */,
				AF40FBAC228C0382001CAFA9 /* Products */,
			);
			sourceTree = "<group>";
		};
		AF40FBAC228C0382001CAFA9 /* Products */ = {
			isa = PBXGroup;
			children = (
				AF40FBAB228C0382001CAFA9 /* AlgorithmNoteProject.app */,
			);
			name = Products;
			sourceTree = "<group>";
		};
		AF40FBAD228C0382001CAFA9 /* AlgorithmNoteProject */ = {
			isa = PBXGroup;
			children = (
				AF40FBAE228C0382001CAFA9 /* AppDelegate.swift */,
				AF40FBC0228C0AE3001CAFA9 /* MergeSort_Controller.swift */,
				AF40FBB2228C0382001CAFA9 /* Main.storyboard */,
				AF40FBB5228C0383001CAFA9 /* Assets.xcassets */,
				AF40FBB7228C0383001CAFA9 /* LaunchScreen.storyboard */,
				AF40FBBA228C0383001CAFA9 /* Info.plist */,
			);
			path = AlgorithmNoteProject;
			sourceTree = "<group>";
		};
/* End PBXGroup section */

/* Begin PBXNativeTarget section */
		AF40FBAA228C0382001CAFA9 /* AlgorithmNoteProject */ = {
			isa = PBXNativeTarget;
			buildConfigurationList = AF40FBBD228C0383001CAFA9 /* Build configuration list for PBXNativeTarget "AlgorithmNoteProject" */;
			buildPhases = (
				AF40FBA7228C0382001CAFA9 /* Sources */,
				AF40FBA8228C0382001CAFA9 /* Frameworks */,
				AF40FBA9228C0382001CAFA9 /* Resources */,
			);
			buildRules = (
			);
			dependencies = (
			);
			name = AlgorithmNoteProject;
			productName = AlgorithmNoteProject;
			productReference = AF40FBAB228C0382001CAFA9 /* AlgorithmNoteProject.app */;
			productType = "com.apple.product-type.application";
		};
/* End PBXNativeTarget section */

/* Begin PBXProject section */
		AF40FBA3228C0381001CAFA9 /* Project object */ = {
			isa = PBXProject;
			attributes = {
				LastSwiftUpdateCheck = 1020;
				LastUpgradeCheck = 1020;
				ORGANIZATIONNAME = asdfjasdjfkasldjf;
				TargetAttributes = {
					AF40FBAA228C0382001CAFA9 = {
						CreatedOnToolsVersion = 10.2.1;
					};
				};
			};
			buildConfigurationList = AF40FBA6228C0381001CAFA9 /* Build configuration list for PBXProject "AlgorithmNoteProject" */;
			compatibilityVersion = "Xcode 9.3";
			developmentRegion = en;
			hasScannedForEncodings = 0;
			knownRegions = (
				en,
				Base,
			);
			mainGroup = AF40FBA2228C0381001CAFA9;
			productRefGroup = AF40FBAC228C0382001CAFA9 /* Products */;
			projectDirPath = "";
			projectRoot = "";
			targets = (
				AF40FBAA228C0382001CAFA9 /* AlgorithmNoteProject */,
			);
		};
/* End PBXProject section */

/* Begin PBXResourcesBuildPhase section */
		AF40FBA9228C0382001CAFA9 /* Resources */ = {
			isa = PBXResourcesBuildPhase;
			buildActionMask = 2147483647;
			files = (
				AF40FBB9228C0383001CAFA9 /* LaunchScreen.storyboard in Resources */,
				AF40FBB6228C0383001CAFA9 /* Assets.xcassets in Resources */,
				AF40FBB4228C0382001CAFA9 /* Main.storyboard in Resources */,
			);
			runOnlyForDeploymentPostprocessing = 0;
		};
/* End PBXResourcesBuildPhase section */

/* Begin PBXSourcesBuildPhase section */
		AF40FBA7228C0382001CAFA9 /* Sources */ = {
			isa = PBXSourcesBuildPhase;
			buildActionMask = 2147483647;
			files = (
				AF40FBC1228C0AE3001CAFA9 /* MergeSort_Controller.swift in Sources */,
				AF40FBAF228C0382001CAFA9 /* AppDelegate.swift in Sources */,
			);
			runOnlyForDeploymentPostprocessing = 0;
		};
/* End PBXSourcesBuildPhase section */

/* Begin PBXVariantGroup section */
		AF40FBB2228C0382001CAFA9 /* Main.storyboard */ = {
			isa = PBXVariantGroup;
			children = (
				AF40FBB3228C0382001CAFA9 /* Base */,
			);
			name = Main.storyboard;
			sourceTree = "<group>";
		};
		AF40FBB7228C0383001CAFA9 /* LaunchScreen.storyboard */ = {
			isa = PBXVariantGroup;
			children = (
				AF40FBB8228C0383001CAFA9 /* Base */,
			);
			name = LaunchScreen.storyboard;
			sourceTree = "<group>";
		};
/* End PBXVariantGroup section */

/* Begin XCBuildConfiguration section */
		AF40FBBB228C0383001CAFA9 /* Debug */ = {
			isa = XCBuildConfiguration;
			buildSettings = {
				ALWAYS_SEARCH_USER_PATHS = NO;
				CLANG_ANALYZER_NONNULL = YES;
				CLANG_ANALYZER_NUMBER_OBJECT_CONVERSION = YES_AGGRESSIVE;
				CLANG_CXX_LANGUAGE_STANDARD = "gnu++14";
				CLANG_CXX_LIBRARY = "libc++";
				CLANG_ENABLE_MODULES = YES;
				CLANG_ENABLE_OBJC_ARC = YES;
				CLANG_ENABLE_OBJC_WEAK = YES;
				CLANG_WARN_BLOCK_CAPTURE_AUTORELEASING = YES;
				CLANG_WARN_BOOL_CONVERSION = YES;
				CLANG_WARN_COMMA = YES;
				CLANG_WARN_CONSTANT_CONVERSION = YES;
				CLANG_WARN_DEPRECATED_OBJC_IMPLEMENTATIONS = YES;
				CLANG_WARN_DIRECT_OBJC_ISA_USAGE = YES_ERROR;
				CLANG_WARN_DOCUMENTATION_COMMENTS = YES;
				CLANG_WARN_EMPTY_BODY = YES;
				CLANG_WARN_ENUM_CONVERSION = YES;
				CLANG_WARN_INFINITE_RECURSION = YES;
				CLANG_WARN_INT_CONVERSION = YES;
				CLANG_WARN_NON_LITERAL_NULL_CONVERSION = YES;
				CLANG_WARN_OBJC_IMPLICIT_RETAIN_SELF = YES;
				CLANG_WARN_OBJC_LITERAL_CONVERSION = YES;
				CLANG_WARN_OBJC_ROOT_CLASS = YES_ERROR;
				CLANG_WARN_RANGE_LOOP_ANALYSIS = YES;
				CLANG_WARN_STRICT_PROTOTYPES = YES;
				CLANG_WARN_SUSPICIOUS_MOVE = YES;
				CLANG_WARN_UNGUARDED_AVAILABILITY = YES_AGGRESSIVE;
				CLANG_WARN_UNREACHABLE_CODE = YES;
				CLANG_WARN__DUPLICATE_METHOD_MATCH = YES;
				CODE_SIGN_IDENTITY = "iPhone Developer";
				COPY_PHASE_STRIP = NO;
				DEBUG_INFORMATION_FORMAT = dwarf;
				ENABLE_STRICT_OBJC_MSGSEND = YES;
				ENABLE_TESTABILITY = YES;
				GCC_C_LANGUAGE_STANDARD = gnu11;
				GCC_DYNAMIC_NO_PIC = NO;
				GCC_NO_COMMON_BLOCKS = YES;
				GCC_OPTIMIZATION_LEVEL = 0;
				GCC_PREPROCESSOR_DEFINITIONS = (
					"DEBUG=1",
					"$(inherited)",
				);
				GCC_WARN_64_TO_32_BIT_CONVERSION = YES;
				GCC_WARN_ABOUT_RETURN_TYPE = YES_ERROR;
				GCC_WARN_UNDECLARED_SELECTOR = YES;
				GCC_WARN_UNINITIALIZED_AUTOS = YES_AGGRESSIVE;
				GCC_WARN_UNUSED_FUNCTION = YES;
				GCC_WARN_UNUSED_VARIABLE = YES;
				IPHONEOS_DEPLOYMENT_TARGET = 12.2;
				MTL_ENABLE_DEBUG_INFO = INCLUDE_SOURCE;
				MTL_FAST_MATH = YES;
				ONLY_ACTIVE_ARCH = YES;
				SDKROOT = iphoneos;
				SWIFT_ACTIVE_COMPILATION_CONDITIONS = DEBUG;
				SWIFT_OPTIMIZATION_LEVEL = "-Onone";
			};
			name = Debug;
		};
		AF40FBBC228C0383001CAFA9 /* Release */ = {
			isa = XCBuildConfiguration;
			buildSettings = {
				ALWAYS_SEARCH_USER_PATHS = NO;
				CLANG_ANALYZER_NONNULL = YES;
				CLANG_ANALYZER_NUMBER_OBJECT_CONVERSION = YES_AGGRESSIVE;
				CLANG_CXX_LANGUAGE_STANDARD = "gnu++14";
				CLANG_CXX_LIBRARY = "libc++";
				CLANG_ENABLE_MODULES = YES;
				CLANG_ENABLE_OBJC_ARC = YES;
				CLANG_ENABLE_OBJC_WEAK = YES;
				CLANG_WARN_BLOCK_CAPTURE_AUTORELEASING = YES;
				CLANG_WARN_BOOL_CONVERSION = YES;
				CLANG_WARN_COMMA = YES;
				CLANG_WARN_CONSTANT_CONVERSION = YES;
				CLANG_WARN_DEPRECATED_OBJC_IMPLEMENTATIONS = YES;
				CLANG_WARN_DIRECT_OBJC_ISA_USAGE = YES_ERROR;
				CLANG_WARN_DOCUMENTATION_COMMENTS = YES;
				CLANG_WARN_EMPTY_BODY = YES;
				CLANG_WARN_ENUM_CONVERSION = YES;
				CLANG_WARN_INFINITE_RECURSION = YES;
				CLANG_WARN_INT_CONVERSION = YES;
				CLANG_WARN_NON_LITERAL_NULL_CONVERSION = YES;
				CLANG_WARN_OBJC_IMPLICIT_RETAIN_SELF = YES;
				CLANG_WARN_OBJC_LITERAL_CONVERSION = YES;
				CLANG_WARN_OBJC_ROOT_CLASS = YES_ERROR;
				CLANG_WARN_RANGE_LOOP_ANALYSIS = YES;
				CLANG_WARN_STRICT_PROTOTYPES = YES;
				CLANG_WARN_SUSPICIOUS_MOVE = YES;
				CLANG_WARN_UNGUARDED_AVAILABILITY = YES_AGGRESSIVE;
				CLANG_WARN_UNREACHABLE_CODE = YES;
				CLANG_WARN__DUPLICATE_METHOD_MATCH = YES;
				CODE_SIGN_IDENTITY = "iPhone Developer";
				COPY_PHASE_STRIP = NO;
				DEBUG_INFORMATION_FORMAT = "dwarf-with-dsym";
				ENABLE_NS_ASSERTIONS = NO;
				ENABLE_STRICT_OBJC_MSGSEND = YES;
				GCC_C_LANGUAGE_STANDARD = gnu11;
				GCC_NO_COMMON_BLOCKS = YES;
				GCC_WARN_64_TO_32_BIT_CONVERSION = YES;
				GCC_WARN_ABOUT_RETURN_TYPE = YES_ERROR;
				GCC_WARN_UNDECLARED_SELECTOR = YES;
				GCC_WARN_UNINITIALIZED_AUTOS = YES_AGGRESSIVE;
				GCC_WARN_UNUSED_FUNCTION = YES;
				GCC_WARN_UNUSED_VARIABLE = YES;
				IPHONEOS_DEPLOYMENT_TARGET = 12.2;
				MTL_ENABLE_DEBUG_INFO = NO;
				MTL_FAST_MATH = YES;
				SDKROOT = iphoneos;
				SWIFT_COMPILATION_MODE = wholemodule;
				SWIFT_OPTIMIZATION_LEVEL = "-O";
				VALIDATE_PRODUCT = YES;
			};
			name = Release;
		};
		AF40FBBE228C0383001CAFA9 /* Debug */ = {
			isa = XCBuildConfiguration;
			buildSettings = {
				ASSETCATALOG_COMPILER_APPICON_NAME = AppIcon;
				CODE_SIGN_STYLE = Automatic;
				DEVELOPMENT_TEAM = 2P67MLP4Y9;
				INFOPLIST_FILE = AlgorithmNoteProject/Info.plist;
				LD_RUNPATH_SEARCH_PATHS = (
					"$(inherited)",
					"@executable_path/Frameworks",
				);
				PRODUCT_BUNDLE_IDENTIFIER = dfurdsfayerlkefowqefk.AlgorithmNoteProject;
				PRODUCT_NAME = "$(TARGET_NAME)";
				SWIFT_VERSION = 5.0;
				TARGETED_DEVICE_FAMILY = "1,2";
			};
			name = Debug;
		};
		AF40FBBF228C0383001CAFA9 /* Release */ = {
			isa = XCBuildConfiguration;
			buildSettings = {
				ASSETCATALOG_COMPILER_APPICON_NAME = AppIcon;
				CODE_SIGN_STYLE = Automatic;
				DEVELOPMENT_TEAM = 2P67MLP4Y9;
				INFOPLIST_FILE = AlgorithmNoteProject/Info.plist;
				LD_RUNPATH_SEARCH_PATHS = (
					"$(inherited)",
					"@executable_path/Frameworks",
				);
				PRODUCT_BUNDLE_IDENTIFIER = dfurdsfayerlkefowqefk.AlgorithmNoteProject;
				PRODUCT_NAME = "$(TARGET_NAME)";
				SWIFT_VERSION = 5.0;
				TARGETED_DEVICE_FAMILY = "1,2";
			};
			name = Release;
		};
/* End XCBuildConfiguration section */

/* Begin XCConfigurationList section */
		AF40FBA6228C0381001CAFA9 /* Build configuration list for PBXProject "AlgorithmNoteProject" */ = {
			isa = XCConfigurationList;
			buildConfigurations = (
				AF40FBBB228C0383001CAFA9 /* Debug */,
				AF40FBBC228C0383001CAFA9 /* Release */,
			);
			defaultConfigurationIsVisible = 0;
			defaultConfigurationName = Release;
		};
		AF40FBBD228C0383001CAFA9 /* Build configuration list for PBXNativeTarget "AlgorithmNoteProject" */ = {
			isa = XCConfigurationList;
			buildConfigurations = (
				AF40FBBE228C0383001CAFA9 /* Debug */,
				AF40FBBF228C0383001CAFA9 /* Release */,
			);
			defaultConfigurationIsVisible = 0;
			defaultConfigurationName = Release;
		};
/* End XCConfigurationList section */
	};
	rootObject = AF40FBA3228C0381001CAFA9 /* Project object */;
}
